
Microsoft Visual Studio Solution File, Format Version 12.00
# Visual Studio Version 17
VisualStudioVersion = 17.11.35222.181
MinimumVisualStudioVersion = 10.0.40219.1
Project("{FAE04EC0-301F-11D3-BF4B-00C04F79EFBC}") = "CommonServices", "CommonServices\CommonServices.csproj", "{00ED0EE3-DC75-4AD7-85EC-D82C8847E6A5}"
EndProject
Project("{9A19103F-16F7-4668-BE54-9A1E7A4F7556}") = "ValidationService", "ValidationService\ValidationService.csproj", "{E2578243-D120-4362-B24F-017D392D0ED4}"
EndProject
Project("{9A19103F-16F7-4668-BE54-9A1E7A4F7556}") = "TestProject", "TestProject\TestProject.csproj", "{B4175E8C-CDA0-4099-90D0-CD87CAE03376}"
EndProject
Project("{2150E333-8FDC-42A3-9474-1A3956D46DE8}") = "Docker Build", "Docker Build", "{004F52C0-3944-44E8-AA3C-A9EF459B94AF}"
	ProjectSection(SolutionItems) = preProject
		.env = .env
		docker-compose.yml = docker-compose.yml
		initmssql.sql = initmssql.sql
		initpostgresql.sql = initpostgresql.sql
	EndProjectSection
EndProject
Project("{9A19103F-16F7-4668-BE54-9A1E7A4F7556}") = "SuccessService", "SuccessService\SuccessService.csproj", "{B22DC88E-E517-4026-9F74-6F4564BA82BD}"
EndProject
Project("{FAE04EC0-301F-11D3-BF4B-00C04F79EFBC}") = "RQMessageSender", "RQMessageSender\RQMessageSender.csproj", "{AC6CECD1-2637-4AB9-B210-7DDE08D46E8C}"
EndProject
Project("{FAE04EC0-301F-11D3-BF4B-00C04F79EFBC}") = "RQMessageReceiver", "RQMessageReceiver\RQMessageReceiver.csproj", "{C05D2B6D-7D12-4351-8B08-8D6F02343A7C}"
EndProject
Global
	GlobalSection(SolutionConfigurationPlatforms) = preSolution
		Debug|Any CPU = Debug|Any CPU
		Release|Any CPU = Release|Any CPU
	EndGlobalSection
	GlobalSection(ProjectConfigurationPlatforms) = postSolution
		{00ED0EE3-DC75-4AD7-85EC-D82C8847E6A5}.Debug|Any CPU.ActiveCfg = Debug|Any CPU
		{00ED0EE3-DC75-4AD7-85EC-D82C8847E6A5}.Debug|Any CPU.Build.0 = Debug|Any CPU
		{00ED0EE3-DC75-4AD7-85EC-D82C8847E6A5}.Release|Any CPU.ActiveCfg = Release|Any CPU
		{00ED0EE3-DC75-4AD7-85EC-D82C8847E6A5}.Release|Any CPU.Build.0 = Release|Any CPU
		{E2578243-D120-4362-B24F-017D392D0ED4}.Debug|Any CPU.ActiveCfg = Debug|Any CPU
		{E2578243-D120-4362-B24F-017D392D0ED4}.Debug|Any CPU.Build.0 = Debug|Any CPU
		{E2578243-D120-4362-B24F-017D392D0ED4}.Release|Any CPU.ActiveCfg = Release|Any CPU
		{E2578243-D120-4362-B24F-017D392D0ED4}.Release|Any CPU.Build.0 = Release|Any CPU
		{B4175E8C-CDA0-4099-90D0-CD87CAE03376}.Debug|Any CPU.ActiveCfg = Debug|Any CPU
		{B4175E8C-CDA0-4099-90D0-CD87CAE03376}.Debug|Any CPU.Build.0 = Debug|Any CPU
		{B4175E8C-CDA0-4099-90D0-CD87CAE03376}.Release|Any CPU.ActiveCfg = Release|Any CPU
		{B4175E8C-CDA0-4099-90D0-CD87CAE03376}.Release|Any CPU.Build.0 = Release|Any CPU
		{B22DC88E-E517-4026-9F74-6F4564BA82BD}.Debug|Any CPU.ActiveCfg = Debug|Any CPU
		{B22DC88E-E517-4026-9F74-6F4564BA82BD}.Debug|Any CPU.Build.0 = Debug|Any CPU
		{B22DC88E-E517-4026-9F74-6F4564BA82BD}.Release|Any CPU.ActiveCfg = Release|Any CPU
		{B22DC88E-E517-4026-9F74-6F4564BA82BD}.Release|Any CPU.Build.0 = Release|Any CPU
		{AC6CECD1-2637-4AB9-B210-7DDE08D46E8C}.Debug|Any CPU.ActiveCfg = Debug|Any CPU
		{AC6CECD1-2637-4AB9-B210-7DDE08D46E8C}.Debug|Any CPU.Build.0 = Debug|Any CPU
		{AC6CECD1-2637-4AB9-B210-7DDE08D46E8C}.Release|Any CPU.ActiveCfg = Release|Any CPU
		{AC6CECD1-2637-4AB9-B210-7DDE08D46E8C}.Release|Any CPU.Build.0 = Release|Any CPU
		{C05D2B6D-7D12-4351-8B08-8D6F02343A7C}.Debug|Any CPU.ActiveCfg = Debug|Any CPU
		{C05D2B6D-7D12-4351-8B08-8D6F02343A7C}.Debug|Any CPU.Build.0 = Debug|Any CPU
		{C05D2B6D-7D12-4351-8B08-8D6F02343A7C}.Release|Any CPU.ActiveCfg = Release|Any CPU
		{C05D2B6D-7D12-4351-8B08-8D6F02343A7C}.Release|Any CPU.Build.0 = Release|Any CPU
	EndGlobalSection
	GlobalSection(SolutionProperties) = preSolution
		HideSolutionNode = FALSE
	EndGlobalSection
	GlobalSection(ExtensibilityGlobals) = postSolution
		SolutionGuid = {341C3033-0A0D-4BD0-A897-5FB6F55811DE}
	EndGlobalSection
EndGlobal
